PODS:
  - Alamofire (4.0.0)
  - MBProgressHUD (1.0.0)

DEPENDENCIES:
  - Alamofire (~> 4.0)
  - MBProgressHUD (~> 1.0)

SPEC CHECKSUMS:
  Alamofire: fef59f00388f267e52d9b432aa5d93dc97190f14
  MBProgressHUD: 4890f671c94e8a0f3cf959aa731e9de2f036d71a

PODFILE CHECKSUM: 43d091509b68fc51f6f7b1e1c67e7a1118e66da3

COCOAPODS: 1.2.0
